
Microsoft Visual Studio Solution File, Format Version 12.00
# Visual Studio Version 16
VisualStudioVersion = 16.0.30503.244
MinimumVisualStudioVersion = 10.0.40219.1
Project("{888888A0-9F3D-457C-B088-3A5042F75D52}") = "Classes System", "Classes System\Classes System.pyproj", "{E710BED8-6D04-4592-AC97-600AE43350AC}"
EndProject
Global
	GlobalSection(SolutionConfigurationPlatforms) = preSolution
		Debug|Any CPU = Debug|Any CPU
		Release|Any CPU = Release|Any CPU
	EndGlobalSection
	GlobalSection(ProjectConfigurationPlatforms) = postSolution
		{E710BED8-6D04-4592-AC97-600AE43350AC}.Debug|Any CPU.ActiveCfg = Debug|Any CPU
		{E710BED8-6D04-4592-AC97-600AE43350AC}.Release|Any CPU.ActiveCfg = Release|Any CPU
	EndGlobalSection
	GlobalSection(SolutionProperties) = preSolution
		HideSolutionNode = FALSE
	EndGlobalSection
	GlobalSection(ExtensibilityGlobals) = postSolution
		SolutionGuid = {45CCE740-A028-45ED-96BA-E250DAEA5450}
	EndGlobalSection
EndGlobal
